{
    "_readme": [
        "This file locks the dependencies of your project to a known state",
        "Read more about it at https://getcomposer.org/doc/01-basic-usage.md#installing-dependencies",
        "This file is @generated automatically"
    ],
    "content-hash": "1ec2e4652506b55891cb38535c9db597",
    "packages": [
        {
            "name": "philadelphia/app",
            "version": "dev-master",
            "dist": {
                "type": "path",
                "url": "../app",
                "reference": "80209cadbbf6ffa1601560a4a2d65f2a6563ae4e"
            },
            "require": {
                "philadelphia/helpers": "@dev",
                "philadelphia/router": "@dev",
                "php": ">=5.6.9"
            },
            "type": "project",
            "extra": {
                "branch-alias": {
                    "dev-master": "1.0.0-dev"
                }
            },
            "autoload": {
                "psr-4": {
                    "PhiladelPhia\\App\\": ""
                }
            },
            "license": [
                "MIT"
            ],
            "authors": [
                {
                    "name": "Fernando Fernnadez",
                    "email": "frfernandez1996@gmail.com",
                    "homepage": "https://frfernandez.com",
                    "role": "Developer"
                }
            ],
            "description": "The PhiladelPhia App package.",
            "homepage": "https://philadelphia.com",
            "transport-options": {
                "symlink": true
            }
        },
        {
            "name": "philadelphia/database",
            "version": "dev-master",
            "dist": {
                "type": "path",
                "url": "../database",
                "reference": "5388aee39f95facc69bb1633734ca7f1b3152511"
            },
            "require": {
                "philadelphia/app": "@dev",
                "philadelphia/helpers": "@dev",
                "php": ">=5.6.9"
            },
            "type": "library",
            "extra": {
                "branch-alias": {
                    "dev-master": "1.0.0-dev"
                }
            },
            "autoload": {
                "psr-4": {
                    "PhiladelPhia\\Database\\": ""
                }
            },
            "license": [
                "MIT"
            ],
            "authors": [
                {
                    "name": "Fernando Fernnadez",
                    "email": "frfernandez1996@gmail.com",
                    "homepage": "https://frfernandez.com",
                    "role": "Developer"
                }
            ],
            "description": "The PhiladelPhia Database package.",
            "homepage": "https://philadelphia.com",
            "transport-options": {
                "symlink": true
            }
        },
        {
            "name": "philadelphia/helpers",
            "version": "dev-master",
            "dist": {
                "type": "path",
                "url": "../helpers",
                "reference": "87cfc5362cbc73f5d97e12ecf22741307dea05be"
            },
            "require": {
                "philadelphia/app": "@dev",
                "php": ">=5.6.9"
            },
            "type": "library",
            "extra": {
                "branch-alias": {
                    "dev-master": "1.0.0-dev"
                }
            },
            "autoload": {
                "psr-4": {
                    "PhiladelPhia\\Helpers\\": ""
                }
            },
            "license": [
                "MIT"
            ],
            "authors": [
                {
                    "name": "Fernando Fernnadez",
                    "email": "frfernandez1996@gmail.com",
                    "homepage": "https://frfernandez.com",
                    "role": "Developer"
                }
            ],
            "description": "The Philadelphia Helpers package.",
            "homepage": "https://philadelphia.com",
            "transport-options": {
                "symlink": true
            }
        },
        {
            "name": "philadelphia/router",
            "version": "dev-master",
            "dist": {
                "type": "path",
                "url": "../router",
                "reference": "a93dfe0f26496b260ec0091e0707c629bece893c"
            },
            "require": {
                "philadelphia/helpers": "@dev",
                "php": ">=5.6.9"
            },
            "type": "library",
            "extra": {
                "branch-alias": {
                    "dev-master": "1.0.0-dev"
                }
            },
            "autoload": {
                "psr-4": {
                    "PhiladelPhia\\Router\\": ""
                }
            },
            "license": [
                "MIT"
            ],
            "authors": [
                {
                    "name": "Fernando Fernnadez",
                    "email": "frfernandez1996@gmail.com",
                    "homepage": "https://frfernandez.com",
                    "role": "Developer"
                }
            ],
            "description": "The Philadelphia Router package.",
            "homepage": "https://philadelphia.com",
            "transport-options": {
                "symlink": true
            }
        }
    ],
    "packages-dev": [],
    "aliases": [],
    "minimum-stability": "dev",
    "stability-flags": {
        "philadelphia/app": 20,
        "philadelphia/router": 20,
        "philadelphia/database": 20,
        "philadelphia/helpers": 20
    },
    "prefer-stable": false,
    "prefer-lowest": false,
    "platform": {
        "php": ">=5.6.9"
    },
    "platform-dev": []
}
