{
    "_readme": [
        "This file locks the dependencies of your project to a known state",
        "Read more about it at https://getcomposer.org/doc/01-basic-usage.md#installing-dependencies",
        "This file is @generated automatically"
    ],
    "content-hash": "2a9dc628f793a42f14bb38ea1408b9be",
    "packages": [
        {
            "name": "philadelphia/app",
            "version": "dev-master",
            "source": {
                "type": "git",
                "url": "https://github.com/philadelphia-core/app.git",
                "reference": "a2c29446e7fbde62f8c03dad9ecd91910b9cce6a"
            },
            "dist": {
                "type": "zip",
                "url": "https://api.github.com/repos/philadelphia-core/app/zipball/a2c29446e7fbde62f8c03dad9ecd91910b9cce6a",
                "reference": "a2c29446e7fbde62f8c03dad9ecd91910b9cce6a",
                "shasum": ""
            },
            "require": {
                "philadelphia/helpers": "^1.0.0",
                "philadelphia/router": "^1.0.0",
                "php": ">=5.6.9"
            },
            "type": "project",
            "extra": {
                "branch-alias": {
                    "dev-master": "1.0.0-dev"
                }
            },
            "autoload": {
                "psr-4": {
                    "PhiladelPhia\\App\\": ""
                }
            },
            "notification-url": "https://packagist.org/downloads/",
            "license": [
                "MIT"
            ],
            "authors": [
                {
                    "name": "Fernando Fernnadez",
                    "email": "frfernandez1996@gmail.com",
                    "homepage": "https://frfernandez.com",
                    "role": "Developer"
                }
            ],
            "description": "The PhiladelPhia App package.",
            "homepage": "https://philadelphia.com",
            "time": "2019-05-13T19:21:12+00:00"
        },
        {
            "name": "philadelphia/database",
            "version": "dev-master",
            "source": {
                "type": "git",
                "url": "https://github.com/philadelphia-core/database.git",
                "reference": "8a0b8e9b8e0033f36634f7267908708740e3ac64"
            },
            "dist": {
                "type": "zip",
                "url": "https://api.github.com/repos/philadelphia-core/database/zipball/8a0b8e9b8e0033f36634f7267908708740e3ac64",
                "reference": "8a0b8e9b8e0033f36634f7267908708740e3ac64",
                "shasum": ""
            },
            "require": {
                "philadelphia/app": "^1.0.0",
                "philadelphia/helpers": "^1.0.0",
                "php": ">=5.6.9"
            },
            "type": "library",
            "extra": {
                "branch-alias": {
                    "dev-master": "1.0.0-dev"
                }
            },
            "autoload": {
                "psr-4": {
                    "PhiladelPhia\\Database\\": ""
                }
            },
            "notification-url": "https://packagist.org/downloads/",
            "license": [
                "MIT"
            ],
            "authors": [
                {
                    "name": "Fernando Fernnadez",
                    "email": "frfernandez1996@gmail.com",
                    "homepage": "https://frfernandez.com",
                    "role": "Developer"
                }
            ],
            "description": "The PhiladelPhia Database package.",
            "homepage": "https://philadelphia.com",
            "time": "2019-05-13T18:25:02+00:00"
        },
        {
            "name": "philadelphia/helpers",
            "version": "dev-master",
            "source": {
                "type": "git",
                "url": "https://github.com/philadelphia-core/helpers.git",
                "reference": "8c3d1f7c6fe2df98e3da1e0c583b005caf6152db"
            },
            "dist": {
                "type": "zip",
                "url": "https://api.github.com/repos/philadelphia-core/helpers/zipball/8c3d1f7c6fe2df98e3da1e0c583b005caf6152db",
                "reference": "8c3d1f7c6fe2df98e3da1e0c583b005caf6152db",
                "shasum": ""
            },
            "require": {
                "philadelphia/app": "^1.0.0",
                "php": ">=5.6.9"
            },
            "type": "library",
            "extra": {
                "branch-alias": {
                    "dev-master": "1.0.0-dev"
                }
            },
            "autoload": {
                "psr-4": {
                    "PhiladelPhia\\Helpers\\": ""
                }
            },
            "notification-url": "https://packagist.org/downloads/",
            "license": [
                "MIT"
            ],
            "authors": [
                {
                    "name": "Fernando Fernnadez",
                    "email": "frfernandez1996@gmail.com",
                    "homepage": "https://frfernandez.com",
                    "role": "Developer"
                }
            ],
            "description": "The Philadelphia Helpers package.",
            "homepage": "https://philadelphia.com",
            "time": "2019-05-13T18:22:44+00:00"
        },
        {
            "name": "philadelphia/router",
            "version": "dev-master",
            "source": {
                "type": "git",
                "url": "https://github.com/philadelphia-core/router.git",
                "reference": "a199a7c5f20ce5ec8e746c29482d0dfac6c3e085"
            },
            "dist": {
                "type": "zip",
                "url": "https://api.github.com/repos/philadelphia-core/router/zipball/a199a7c5f20ce5ec8e746c29482d0dfac6c3e085",
                "reference": "a199a7c5f20ce5ec8e746c29482d0dfac6c3e085",
                "shasum": ""
            },
            "require": {
                "philadelphia/helpers": "^1.0.0",
                "php": ">=5.6.9"
            },
            "type": "library",
            "extra": {
                "branch-alias": {
                    "dev-master": "1.0.0-dev"
                }
            },
            "autoload": {
                "psr-4": {
                    "PhiladelPhia\\Router\\": ""
                }
            },
            "notification-url": "https://packagist.org/downloads/",
            "license": [
                "MIT"
            ],
            "authors": [
                {
                    "name": "Fernando Fernnadez",
                    "email": "frfernandez1996@gmail.com",
                    "homepage": "https://frfernandez.com",
                    "role": "Developer"
                }
            ],
            "description": "The Philadelphia Router package.",
            "homepage": "https://philadelphia.com",
            "time": "2019-05-13T18:24:54+00:00"
        }
    ],
    "packages-dev": [],
    "aliases": [],
    "minimum-stability": "dev",
    "stability-flags": [],
    "prefer-stable": false,
    "prefer-lowest": false,
    "platform": {
        "php": ">=5.6.9"
    },
    "platform-dev": []
}
