{
    "_readme": [
        "This file locks the dependencies of your project to a known state",
        "Read more about it at https://getcomposer.org/doc/01-basic-usage.md#composer-lock-the-lock-file",
        "This file is @generated automatically"
    ],
    "content-hash": "1ec2e4652506b55891cb38535c9db597",
    "packages": [
        {
            "name": "philadelphia/app",
            "version": "9999999-dev",
            "dist": {
                "type": "path",
                "url": "../app",
                "reference": "c8e223e5e72d636c516871d6f644452a8b996f1e",
                "shasum": null
            },
            "require": {
                "philadelphia/helpers": "@dev",
                "philadelphia/router": "@dev",
                "php": ">=5.6.9"
            },
            "type": "project",
            "extra": {
                "branch-alias": {
                    "dev-master": "1.0.0-dev"
                }
            },
            "autoload": {
                "psr-4": {
                    "PhiladelPhia\\App\\": ""
                }
            },
            "license": [
                "MIT"
            ],
            "authors": [
                {
                    "name": "Fernando Fernnadez",
                    "email": "frfernandez1996@gmail.com",
                    "homepage": "https://frfernandez.com",
                    "role": "Developer"
                }
            ],
            "description": "The PhiladelPhia App package.",
            "homepage": "https://philadelphia.com",
            "transport-options": {
                "symlink": true
            }
        },
        {
            "name": "philadelphia/database",
            "version": "9999999-dev",
            "dist": {
                "type": "path",
                "url": "../database",
                "reference": "1da4a660b82bed8cdc90a79f166f7add95422f12",
                "shasum": null
            },
            "require": {
                "philadelphia/app": "@dev",
                "philadelphia/helpers": "@dev",
                "php": ">=5.6.9"
            },
            "type": "library",
            "extra": {
                "branch-alias": {
                    "dev-master": "1.0.0-dev"
                }
            },
            "autoload": {
                "psr-4": {
                    "PhiladelPhia\\Database\\": ""
                }
            },
            "license": [
                "MIT"
            ],
            "authors": [
                {
                    "name": "Fernando Fernnadez",
                    "email": "frfernandez1996@gmail.com",
                    "homepage": "https://frfernandez.com",
                    "role": "Developer"
                }
            ],
            "description": "The PhiladelPhia Database package.",
            "homepage": "https://philadelphia.com",
            "transport-options": {
                "symlink": true
            }
        },
        {
            "name": "philadelphia/helpers",
            "version": "9999999-dev",
            "dist": {
                "type": "path",
                "url": "../helpers",
                "reference": "4de03176aaed122806c702c9d87c523c7453dd0c",
                "shasum": null
            },
            "require": {
                "philadelphia/app": "@dev",
                "php": ">=5.6.9"
            },
            "type": "library",
            "extra": {
                "branch-alias": {
                    "dev-master": "1.0.0-dev"
                }
            },
            "autoload": {
                "psr-4": {
                    "PhiladelPhia\\Helpers\\": ""
                }
            },
            "license": [
                "MIT"
            ],
            "authors": [
                {
                    "name": "Fernando Fernnadez",
                    "email": "frfernandez1996@gmail.com",
                    "homepage": "https://frfernandez.com",
                    "role": "Developer"
                }
            ],
            "description": "The Philadelphia Helpers package.",
            "homepage": "https://philadelphia.com",
            "transport-options": {
                "symlink": true
            }
        },
        {
            "name": "philadelphia/router",
            "version": "9999999-dev",
            "dist": {
                "type": "path",
                "url": "../router",
                "reference": "1f9587383d21743bbf3a7ed09c7228f57241e356",
                "shasum": null
            },
            "require": {
                "philadelphia/helpers": "@dev",
                "php": ">=5.6.9"
            },
            "type": "library",
            "extra": {
                "branch-alias": {
                    "dev-master": "1.0.0-dev"
                }
            },
            "autoload": {
                "psr-4": {
                    "PhiladelPhia\\Router\\": ""
                }
            },
            "license": [
                "MIT"
            ],
            "authors": [
                {
                    "name": "Fernando Fernnadez",
                    "email": "frfernandez1996@gmail.com",
                    "homepage": "https://frfernandez.com",
                    "role": "Developer"
                }
            ],
            "description": "The Philadelphia Router package.",
            "homepage": "https://philadelphia.com",
            "transport-options": {
                "symlink": true
            }
        }
    ],
    "packages-dev": [],
    "aliases": [],
    "minimum-stability": "dev",
    "stability-flags": {
        "philadelphia/app": 20,
        "philadelphia/router": 20,
        "philadelphia/database": 20,
        "philadelphia/helpers": 20
    },
    "prefer-stable": false,
    "prefer-lowest": false,
    "platform": {
        "php": ">=5.6.9"
    },
    "platform-dev": []
}
